Microsoft Visual Studio Solution File, Format Version 12.00
# Visual Studio Version 16
VisualStudioVersion = 16.0.29306.81
MinimumVisualStudioVersion = 10.0.40219.1
Project("{FAE04EC0-301F-11D3-BF4B-00C04F79EFBC}") = "KenticoContrib", "KenticoContrib\KenticoContrib.csproj", "{3924D5C0-6A63-40F0-B5A0-61E516233F69}"
EndProject
Project("{FAE04EC0-301F-11D3-BF4B-00C04F79EFBC}") = "KenticoContrib.Content", "KenticoContrib.Content\KenticoContrib.Content\KenticoContrib.Content.csproj", "{FAD608C9-9033-4A9D-8649-81972193CD15}"
EndProject
Project("{FAE04EC0-301F-11D3-BF4B-00C04F79EFBC}") = "KenticoContrib.Content.Cms", "KenticoContrib.Content\KenticoContrib.Content.Cms\KenticoContrib.Content.Cms.csproj", "{918D7DE0-32E5-4B7D-8658-2F63A4EC0D79}"
EndProject
Project("{FAE04EC0-301F-11D3-BF4B-00C04F79EFBC}") = "Meeg.Kentico.ContentComponents.Cms", "Meeg.Kentico.ContentComponents\Meeg.Kentico.ContentComponents.Cms\Meeg.Kentico.ContentComponents.Cms.csproj", "{8A2B186D-A0A2-49DC-9EAE-8036DAA21BA2}"
EndProject
Project("{FAE04EC0-301F-11D3-BF4B-00C04F79EFBC}") = "Meeg.Kentico.Configuration.Cms", "Meeg.Kentico.Configuration\Meeg.Kentico.Configuration.Cms\Meeg.Kentico.Configuration.Cms.csproj", "{BEEF31C0-A2D4-4D7B-B5F4-96D84D0595A4}"
EndProject
Project("{2150E333-8FDC-42A3-9474-1A3956D46DE8}") = "Configuration", "Configuration", "{F3691EBC-A267-45F8-A7F3-7038FD79E975}"
EndProject
Project("{FAE04EC0-301F-11D3-BF4B-00C04F79EFBC}") = "Meeg.Kentico.Configuration.Cms.Tests", "Meeg.Kentico.Configuration\Meeg.Kentico.Configuration.Cms.Tests\Meeg.Kentico.Configuration.Cms.Tests.csproj", "{9788AAFA-7247-4383-9F00-7924F20503ED}"
EndProject
Project("{2150E333-8FDC-42A3-9474-1A3956D46DE8}") = "Content", "Content", "{E72ABEC7-624A-445E-80B9-CFD754C9C8E0}"
EndProject
Global
	GlobalSection(SolutionConfigurationPlatforms) = preSolution
		Debug|Any CPU = Debug|Any CPU
		Release|Any CPU = Release|Any CPU
	EndGlobalSection
	GlobalSection(ProjectConfigurationPlatforms) = postSolution
		{3924D5C0-6A63-40F0-B5A0-61E516233F69}.Debug|Any CPU.ActiveCfg = Debug|Any CPU
		{3924D5C0-6A63-40F0-B5A0-61E516233F69}.Debug|Any CPU.Build.0 = Debug|Any CPU
		{3924D5C0-6A63-40F0-B5A0-61E516233F69}.Release|Any CPU.ActiveCfg = Release|Any CPU
		{3924D5C0-6A63-40F0-B5A0-61E516233F69}.Release|Any CPU.Build.0 = Release|Any CPU
		{FAD608C9-9033-4A9D-8649-81972193CD15}.Debug|Any CPU.ActiveCfg = Debug|Any CPU
		{FAD608C9-9033-4A9D-8649-81972193CD15}.Debug|Any CPU.Build.0 = Debug|Any CPU
		{FAD608C9-9033-4A9D-8649-81972193CD15}.Release|Any CPU.ActiveCfg = Release|Any CPU
		{FAD608C9-9033-4A9D-8649-81972193CD15}.Release|Any CPU.Build.0 = Release|Any CPU
		{918D7DE0-32E5-4B7D-8658-2F63A4EC0D79}.Debug|Any CPU.ActiveCfg = Debug|Any CPU
		{918D7DE0-32E5-4B7D-8658-2F63A4EC0D79}.Debug|Any CPU.Build.0 = Debug|Any CPU
		{918D7DE0-32E5-4B7D-8658-2F63A4EC0D79}.Release|Any CPU.ActiveCfg = Release|Any CPU
		{918D7DE0-32E5-4B7D-8658-2F63A4EC0D79}.Release|Any CPU.Build.0 = Release|Any CPU
		{8A2B186D-A0A2-49DC-9EAE-8036DAA21BA2}.Debug|Any CPU.ActiveCfg = Debug|Any CPU
		{8A2B186D-A0A2-49DC-9EAE-8036DAA21BA2}.Debug|Any CPU.Build.0 = Debug|Any CPU
		{8A2B186D-A0A2-49DC-9EAE-8036DAA21BA2}.Release|Any CPU.ActiveCfg = Release|Any CPU
		{8A2B186D-A0A2-49DC-9EAE-8036DAA21BA2}.Release|Any CPU.Build.0 = Release|Any CPU
		{BEEF31C0-A2D4-4D7B-B5F4-96D84D0595A4}.Debug|Any CPU.ActiveCfg = Debug|Any CPU
		{BEEF31C0-A2D4-4D7B-B5F4-96D84D0595A4}.Debug|Any CPU.Build.0 = Debug|Any CPU
		{BEEF31C0-A2D4-4D7B-B5F4-96D84D0595A4}.Release|Any CPU.ActiveCfg = Release|Any CPU
		{BEEF31C0-A2D4-4D7B-B5F4-96D84D0595A4}.Release|Any CPU.Build.0 = Release|Any CPU
		{9788AAFA-7247-4383-9F00-7924F20503ED}.Debug|Any CPU.ActiveCfg = Debug|Any CPU
		{9788AAFA-7247-4383-9F00-7924F20503ED}.Debug|Any CPU.Build.0 = Debug|Any CPU
		{9788AAFA-7247-4383-9F00-7924F20503ED}.Release|Any CPU.ActiveCfg = Release|Any CPU
		{9788AAFA-7247-4383-9F00-7924F20503ED}.Release|Any CPU.Build.0 = Release|Any CPU
	EndGlobalSection
	GlobalSection(SolutionProperties) = preSolution
		HideSolutionNode = FALSE
	EndGlobalSection
	GlobalSection(NestedProjects) = preSolution
		{FAD608C9-9033-4A9D-8649-81972193CD15} = {E72ABEC7-624A-445E-80B9-CFD754C9C8E0}
		{918D7DE0-32E5-4B7D-8658-2F63A4EC0D79} = {E72ABEC7-624A-445E-80B9-CFD754C9C8E0}
		{8A2B186D-A0A2-49DC-9EAE-8036DAA21BA2} = {E72ABEC7-624A-445E-80B9-CFD754C9C8E0}
		{BEEF31C0-A2D4-4D7B-B5F4-96D84D0595A4} = {F3691EBC-A267-45F8-A7F3-7038FD79E975}
		{9788AAFA-7247-4383-9F00-7924F20503ED} = {F3691EBC-A267-45F8-A7F3-7038FD79E975}
	EndGlobalSection
	GlobalSection(ExtensibilityGlobals) = postSolution
		SolutionGuid = {C6500213-6CF9-462C-B95D-DCF91FC64889}
	EndGlobalSection
EndGlobal
