Microsoft Visual Studio Solution File, Format Version 12.00
# Visual Studio Version 16
VisualStudioVersion = 16.0.29306.81
MinimumVisualStudioVersion = 10.0.40219.1
Project("{FAE04EC0-301F-11D3-BF4B-00C04F79EFBC}") = "KenticoContrib", "KenticoContrib\KenticoContrib.csproj", "{3924D5C0-6A63-40F0-B5A0-61E516233F69}"
EndProject
Project("{FAE04EC0-301F-11D3-BF4B-00C04F79EFBC}") = "Meeg.Kentico.ContentComponents", "Meeg.Kentico.ContentComponents\Meeg.Kentico.ContentComponents\Meeg.Kentico.ContentComponents.csproj", "{3FD614A5-AA27-4352-9666-ADF01FDD205C}"
EndProject
Project("{FAE04EC0-301F-11D3-BF4B-00C04F79EFBC}") = "KenticoContrib.Cms.Pages", "KenticoContrib.Cms.Pages\KenticoContrib.Cms.Pages.csproj", "{4109E77E-E92B-42AB-89C6-7DA2A65FC774}"
EndProject
Global
	GlobalSection(SolutionConfigurationPlatforms) = preSolution
		Debug|Any CPU = Debug|Any CPU
		Release|Any CPU = Release|Any CPU
	EndGlobalSection
	GlobalSection(ProjectConfigurationPlatforms) = postSolution
		{3924D5C0-6A63-40F0-B5A0-61E516233F69}.Debug|Any CPU.ActiveCfg = Debug|Any CPU
		{3924D5C0-6A63-40F0-B5A0-61E516233F69}.Debug|Any CPU.Build.0 = Debug|Any CPU
		{3924D5C0-6A63-40F0-B5A0-61E516233F69}.Release|Any CPU.ActiveCfg = Release|Any CPU
		{3924D5C0-6A63-40F0-B5A0-61E516233F69}.Release|Any CPU.Build.0 = Release|Any CPU
		{3FD614A5-AA27-4352-9666-ADF01FDD205C}.Debug|Any CPU.ActiveCfg = Debug|Any CPU
		{3FD614A5-AA27-4352-9666-ADF01FDD205C}.Debug|Any CPU.Build.0 = Debug|Any CPU
		{3FD614A5-AA27-4352-9666-ADF01FDD205C}.Release|Any CPU.ActiveCfg = Release|Any CPU
		{3FD614A5-AA27-4352-9666-ADF01FDD205C}.Release|Any CPU.Build.0 = Release|Any CPU
		{4109E77E-E92B-42AB-89C6-7DA2A65FC774}.Debug|Any CPU.ActiveCfg = Debug|Any CPU
		{4109E77E-E92B-42AB-89C6-7DA2A65FC774}.Debug|Any CPU.Build.0 = Debug|Any CPU
		{4109E77E-E92B-42AB-89C6-7DA2A65FC774}.Release|Any CPU.ActiveCfg = Release|Any CPU
		{4109E77E-E92B-42AB-89C6-7DA2A65FC774}.Release|Any CPU.Build.0 = Release|Any CPU
	EndGlobalSection
	GlobalSection(SolutionProperties) = preSolution
		HideSolutionNode = FALSE
	EndGlobalSection
	GlobalSection(ExtensibilityGlobals) = postSolution
		SolutionGuid = {C6500213-6CF9-462C-B95D-DCF91FC64889}
	EndGlobalSection
EndGlobal
